Microsoft Visual Studio Solution File, Format Version 11.00
# Visual Studio 2008

Project("{C5AEB8E6-1522-34E8-128E-91A80EB0D16E}") = "Proiect2_MPS_Typing_Game", "Assembly-CSharp.csproj", "{37A7ECBE-310F-6F26-47E4-D542B450D9C4}"
EndProject
Global
	GlobalSection(SolutionConfigurationPlatforms) = preSolution
		Debug|Any CPU = Debug|Any CPU
		Release|Any CPU = Release|Any CPU
	EndGlobalSection
	GlobalSection(ProjectConfigurationPlatforms) = postSolution
		{37A7ECBE-310F-6F26-47E4-D542B450D9C4}.Debug|Any CPU.ActiveCfg = Debug|Any CPU
		{37A7ECBE-310F-6F26-47E4-D542B450D9C4}.Debug|Any CPU.Build.0 = Debug|Any CPU
		{37A7ECBE-310F-6F26-47E4-D542B450D9C4}.Release|Any CPU.ActiveCfg = Release|Any CPU
		{37A7ECBE-310F-6F26-47E4-D542B450D9C4}.Release|Any CPU.Build.0 = Release|Any CPU
	EndGlobalSection
	GlobalSection(SolutionProperties) = preSolution
		HideSolutionNode = FALSE
	EndGlobalSection
	GlobalSection(MonoDevelopProperties) = preSolution
		StartupItem = Assembly-CSharp.csproj
	EndGlobalSection
EndGlobal
